
Microsoft Visual Studio Solution File, Format Version 12.00
# Visual Studio Version 17
VisualStudioVersion = 17.5.33516.290
MinimumVisualStudioVersion = 10.0.40219.1
Project("{9A19103F-16F7-4668-BE54-9A1E7A4F7556}") = "Project.Data", "Project.Data\Project.Data.csproj", "{F10538CE-91B6-4714-BC80-F40102FA723E}"
EndProject
Project("{2150E333-8FDC-42A3-9474-1A3956D46DE8}") = "Domain", "Domain", "{7773932C-E016-4B29-8426-A8256574A33B}"
EndProject
Project("{9A19103F-16F7-4668-BE54-9A1E7A4F7556}") = "Project.Domain", "Project.Domain\Project.Domain.csproj", "{696BFFF9-E1D5-44C0-A496-3E3BA198A913}"
EndProject
Project("{2150E333-8FDC-42A3-9474-1A3956D46DE8}") = "Data", "Data", "{86A5684A-3656-4005-B63A-8C49E3E053BA}"
EndProject
Project("{9A19103F-16F7-4668-BE54-9A1E7A4F7556}") = "PlaceOrder.Api", "PlaceOrder.Api\PlaceOrder.Api.csproj", "{88BDB953-5299-43C5-A2F6-D33FD23DCCDA}"
EndProject
Global
	GlobalSection(SolutionConfigurationPlatforms) = preSolution
		Debug|Any CPU = Debug|Any CPU
		Release|Any CPU = Release|Any CPU
	EndGlobalSection
	GlobalSection(ProjectConfigurationPlatforms) = postSolution
		{F10538CE-91B6-4714-BC80-F40102FA723E}.Debug|Any CPU.ActiveCfg = Debug|Any CPU
		{F10538CE-91B6-4714-BC80-F40102FA723E}.Debug|Any CPU.Build.0 = Debug|Any CPU
		{F10538CE-91B6-4714-BC80-F40102FA723E}.Release|Any CPU.ActiveCfg = Release|Any CPU
		{F10538CE-91B6-4714-BC80-F40102FA723E}.Release|Any CPU.Build.0 = Release|Any CPU
		{696BFFF9-E1D5-44C0-A496-3E3BA198A913}.Debug|Any CPU.ActiveCfg = Debug|Any CPU
		{696BFFF9-E1D5-44C0-A496-3E3BA198A913}.Debug|Any CPU.Build.0 = Debug|Any CPU
		{696BFFF9-E1D5-44C0-A496-3E3BA198A913}.Release|Any CPU.ActiveCfg = Release|Any CPU
		{696BFFF9-E1D5-44C0-A496-3E3BA198A913}.Release|Any CPU.Build.0 = Release|Any CPU
		{88BDB953-5299-43C5-A2F6-D33FD23DCCDA}.Debug|Any CPU.ActiveCfg = Debug|Any CPU
		{88BDB953-5299-43C5-A2F6-D33FD23DCCDA}.Debug|Any CPU.Build.0 = Debug|Any CPU
		{88BDB953-5299-43C5-A2F6-D33FD23DCCDA}.Release|Any CPU.ActiveCfg = Release|Any CPU
		{88BDB953-5299-43C5-A2F6-D33FD23DCCDA}.Release|Any CPU.Build.0 = Release|Any CPU
	EndGlobalSection
	GlobalSection(SolutionProperties) = preSolution
		HideSolutionNode = FALSE
	EndGlobalSection
	GlobalSection(NestedProjects) = preSolution
		{F10538CE-91B6-4714-BC80-F40102FA723E} = {86A5684A-3656-4005-B63A-8C49E3E053BA}
		{696BFFF9-E1D5-44C0-A496-3E3BA198A913} = {7773932C-E016-4B29-8426-A8256574A33B}
	EndGlobalSection
	GlobalSection(ExtensibilityGlobals) = postSolution
		SolutionGuid = {65D18ECD-8754-400E-BD32-F9C24801EB4C}
	EndGlobalSection
EndGlobal
